{
  "requires": true,
  "lockfileVersion": 1,
  "dependencies": {
    "blueimp-gallery": {
      "version": "3.0.0",
      "resolved": "https://registry.npmjs.org/blueimp-gallery/-/blueimp-gallery-3.0.0.tgz",
      "integrity": "sha512-pnko5i5rvdAecgVkzY4TOarNDK+nAFL36EODM3M5LBaKUipj9FPhwwtac5jlBrD2B0xyH8FLEhRWbZgN3EgeqA=="
    }
  }
}
